
Microsoft Visual Studio Solution File, Format Version 12.00
# Visual Studio 15
VisualStudioVersion = 15.0.26730.15
MinimumVisualStudioVersion = 10.0.40219.1
Project("{FAE04EC0-301F-11D3-BF4B-00C04F79EFBC}") = "ResourceDirectory.Test", "ResourceDirectory.Test\ResourceDirectory.Test.csproj", "{4EFCDD90-AF53-4B35-9631-AF3C15002EA8}"
EndProject
Project("{FAE04EC0-301F-11D3-BF4B-00C04F79EFBC}") = "ResourceDirectory", "ResourceDirectory\ResourceDirectory.csproj", "{47722131-AFD5-4ACC-8857-18E637B94DFA}"
EndProject
Project("{FAE04EC0-301F-11D3-BF4B-00C04F79EFBC}") = "CoAP.NET45", "..\CoAP-CSharp\CoAP.NET\CoAP.NET45.csproj", "{45DB1E45-4831-4E4A-BB1E-AE92EEA182E3}"
EndProject
Global
	GlobalSection(SolutionConfigurationPlatforms) = preSolution
		Debug|Any CPU = Debug|Any CPU
		Deploy|Any CPU = Deploy|Any CPU
		Release|Any CPU = Release|Any CPU
	EndGlobalSection
	GlobalSection(ProjectConfigurationPlatforms) = postSolution
		{4EFCDD90-AF53-4B35-9631-AF3C15002EA8}.Debug|Any CPU.ActiveCfg = Debug|Any CPU
		{4EFCDD90-AF53-4B35-9631-AF3C15002EA8}.Debug|Any CPU.Build.0 = Debug|Any CPU
		{4EFCDD90-AF53-4B35-9631-AF3C15002EA8}.Deploy|Any CPU.ActiveCfg = Debug|Any CPU
		{4EFCDD90-AF53-4B35-9631-AF3C15002EA8}.Deploy|Any CPU.Build.0 = Debug|Any CPU
		{4EFCDD90-AF53-4B35-9631-AF3C15002EA8}.Release|Any CPU.ActiveCfg = Release|Any CPU
		{4EFCDD90-AF53-4B35-9631-AF3C15002EA8}.Release|Any CPU.Build.0 = Release|Any CPU
		{47722131-AFD5-4ACC-8857-18E637B94DFA}.Debug|Any CPU.ActiveCfg = Debug|Any CPU
		{47722131-AFD5-4ACC-8857-18E637B94DFA}.Debug|Any CPU.Build.0 = Debug|Any CPU
		{47722131-AFD5-4ACC-8857-18E637B94DFA}.Deploy|Any CPU.ActiveCfg = Debug|Any CPU
		{47722131-AFD5-4ACC-8857-18E637B94DFA}.Deploy|Any CPU.Build.0 = Debug|Any CPU
		{47722131-AFD5-4ACC-8857-18E637B94DFA}.Release|Any CPU.ActiveCfg = Release|Any CPU
		{47722131-AFD5-4ACC-8857-18E637B94DFA}.Release|Any CPU.Build.0 = Release|Any CPU
		{45DB1E45-4831-4E4A-BB1E-AE92EEA182E3}.Debug|Any CPU.ActiveCfg = Debug|Any CPU
		{45DB1E45-4831-4E4A-BB1E-AE92EEA182E3}.Debug|Any CPU.Build.0 = Debug|Any CPU
		{45DB1E45-4831-4E4A-BB1E-AE92EEA182E3}.Deploy|Any CPU.ActiveCfg = Deploy|Any CPU
		{45DB1E45-4831-4E4A-BB1E-AE92EEA182E3}.Deploy|Any CPU.Build.0 = Deploy|Any CPU
		{45DB1E45-4831-4E4A-BB1E-AE92EEA182E3}.Release|Any CPU.ActiveCfg = Release|Any CPU
		{45DB1E45-4831-4E4A-BB1E-AE92EEA182E3}.Release|Any CPU.Build.0 = Release|Any CPU
	EndGlobalSection
	GlobalSection(SolutionProperties) = preSolution
		HideSolutionNode = FALSE
	EndGlobalSection
	GlobalSection(ExtensibilityGlobals) = postSolution
		SolutionGuid = {412F7376-10F6-425E-A738-5A0D986C450A}
	EndGlobalSection
EndGlobal
